
Microsoft Visual Studio Solution File, Format Version 12.00
# Visual Studio Version 16
VisualStudioVersion = 16.0.31613.86
MinimumVisualStudioVersion = 10.0.40219.1
Project("{8BC9CEB8-8B4A-11D0-8D11-00A0C91BC942}") = "01.01 - HelloWorld", "HelloWorld\HelloWorld.vcxproj", "{D59D692C-0050-495A-90ED-24770F802980}"
EndProject
Project("{8BC9CEB8-8B4A-11D0-8D11-00A0C91BC942}") = "01.01 - JeuDeDes", "JeuDeDes\JeuDeDes.vcxproj", "{265A83D5-6FCD-42B9-8E9C-1BDB7E5ED05E}"
EndProject
Project("{8BC9CEB8-8B4A-11D0-8D11-00A0C91BC942}") = "01.02 - Enum Class", "01.02 - Enum Class\01.02 - Enum Class.vcxproj", "{C13FC3AA-7BCD-4501-B5C4-C45C80837382}"
EndProject
Project("{8BC9CEB8-8B4A-11D0-8D11-00A0C91BC942}") = "01.02 - Arrays 1", "01.02 - Array\01.02 - Array.vcxproj", "{F50E99F7-BCF7-444C-A334-0F7F6BAD6ADF}"
EndProject
Project("{8BC9CEB8-8B4A-11D0-8D11-00A0C91BC942}") = "01.02 - Arrays C++ Style", "01.02 - Array C++ Style\01.02 - Array C++ Style.vcxproj", "{23D5BC0F-0B55-4740-89E7-96DFB13543A7}"
EndProject
Project("{8BC9CEB8-8B4A-11D0-8D11-00A0C91BC942}") = "01.02 - Arrays 2", "01.02 - Arrays 2\01.02 - Arrays 2.vcxproj", "{5A0A4E33-3940-47FD-80B0-53F3643C9E06}"
EndProject
Project("{8BC9CEB8-8B4A-11D0-8D11-00A0C91BC942}") = "01.02 - Arrays multidimensionnal", "01.02 Arrays multidimensionnal\01.02 Arrays multidimensionnal.vcxproj", "{305E4441-A654-4F25-8763-0B0F076D7133}"
EndProject
Project("{8BC9CEB8-8B4A-11D0-8D11-00A0C91BC942}") = "01.02 - Strings", "01.02 - Strings\01.02 - Strings.vcxproj", "{8962EA1B-4E5C-42B6-84A7-ABABA3DF9832}"
EndProject
Project("{8BC9CEB8-8B4A-11D0-8D11-00A0C91BC942}") = "02 - NonDecimal arithmetic", "01.03 - NonDecimal arithmetic\01.03 - NonDecimal arithmetic.vcxproj", "{2BEECEE6-6DFA-4665-84C9-F41AB76045B1}"
EndProject
Project("{8BC9CEB8-8B4A-11D0-8D11-00A0C91BC942}") = "01.01 - return break continuer", "01.01 - return break continuer\01.01 - return break continuer.vcxproj", "{7F541BFA-A9DD-4098-BE85-25967D999BC7}"
EndProject
Project("{8BC9CEB8-8B4A-11D0-8D11-00A0C91BC942}") = "01.02 - Enum - Exercise", "Formative 01.02 - Enum animals\Formative 01.02 - Enum animals.vcxproj", "{9A8E0C96-7C6B-4162-B787-9B6FF3A00DB2}"
EndProject
Project("{8BC9CEB8-8B4A-11D0-8D11-00A0C91BC942}") = "01.02 - Exercise - Array - find the score", "01.02 - Exercise - Array - find the score\01.02 - Exercise - Array - find the score.vcxproj", "{0F4CA347-1FCB-4152-B077-0A72F7A7ABF1}"
EndProject
Project("{8BC9CEB8-8B4A-11D0-8D11-00A0C91BC942}") = "01.02 - Exercise - Array - find the value", "01.02 - Exercise - Array - find the value\01.02 - Exercise - Array - find the value.vcxproj", "{C93EEFA2-6A7D-44D1-81E3-5001BFC463B6}"
EndProject
Project("{8BC9CEB8-8B4A-11D0-8D11-00A0C91BC942}") = "01.02 - Formative - Poker", "01.02 - Formative - Poker\01.02 - Formative - Poker.vcxproj", "{BC99F43C-DEB2-4292-BC7B-4EA1EC4D978D}"
EndProject
Project("{8BC9CEB8-8B4A-11D0-8D11-00A0C91BC942}") = "01.02 - Formative - Strings", "01.02 - Formative - Strings\01.02 - Formative - Strings.vcxproj", "{90732857-3D1A-4620-AAAA-6947A4A07F1D}"
EndProject
Project("{8BC9CEB8-8B4A-11D0-8D11-00A0C91BC942}") = "01.02 - Exercices - Strings - Exercise 16", "01.02 - Exercices - Strings - Exercise 16\01.02 - Exercices - Strings - Exercise 16.vcxproj", "{0CCA2A67-ECF8-47EF-85AF-C6B53B693220}"
EndProject
Project("{8BC9CEB8-8B4A-11D0-8D11-00A0C91BC942}") = "01.02 - Exercises - Strings - Exercise 03", "01.02 - Exercises- Strings - Exercise 03\01.02 - Exercises- Strings - Exercise 03.vcxproj", "{9DA9D0B7-3E3F-459D-A460-736A6D468EEE}"
EndProject
Project("{8BC9CEB8-8B4A-11D0-8D11-00A0C91BC942}") = "03 - Classroom - Data Structures - Vector", "03 - Classroom - Data Structures\03 - Classroom - Data Structures.vcxproj", "{36148E97-8AD6-4E8F-9869-3DC83E90158C}"
EndProject
Project("{8BC9CEB8-8B4A-11D0-8D11-00A0C91BC942}") = "03 - Classroom - Data Structures - List", "03 - Classroom - Data Structures - List\03 - Classroom - Data Structures - List.vcxproj", "{A2FFDFBE-5BCB-47C6-B387-3DF505543039}"
EndProject
Project("{8BC9CEB8-8B4A-11D0-8D11-00A0C91BC942}") = "03 - Classroom - Data structures - Map, set", "03 - Classroom - Data structures - Map, set\03 - Classroom - Data structures - Map, set.vcxproj", "{E3CCBBD8-3667-4F2B-A405-7C58D45287BF}"
EndProject
Project("{8BC9CEB8-8B4A-11D0-8D11-00A0C91BC942}") = "02 - Classroom - Non-decimal arithmetic", "02 - Classroom - Non-decimal arithmetic\02 - Classroom - Non-decimal arithmetic.vcxproj", "{7D083E38-01F9-460E-B203-AC118557F7E4}"
EndProject
Project("{8BC9CEB8-8B4A-11D0-8D11-00A0C91BC942}") = "03 - Classroom - Class", "03 - Classroom - Class\03 - Classroom - Class.vcxproj", "{86D90494-A7BE-4E74-8910-D4B0075E4406}"
EndProject
Project("{8BC9CEB8-8B4A-11D0-8D11-00A0C91BC942}") = "03 - Exercise 2.1 - Data structures - Vector", "03 - Exercise 2.1 - Data structures - Vector\03 - Exercise 2.1 - Data structures - Vector.vcxproj", "{EE4E9D2D-9C11-41CB-9D0E-F3A8207CD36F}"
EndProject
Project("{8BC9CEB8-8B4A-11D0-8D11-00A0C91BC942}") = "03 - Exercise 3.2 - Data structures - List", "03 - Exercise 3.2 - Data structures - List\03 - Exercise 3.2 - Data structures - List.vcxproj", "{A916AECF-A388-45A7-B3CD-D1585FE4B9D7}"
EndProject
Project("{8BC9CEB8-8B4A-11D0-8D11-00A0C91BC942}") = "03 - Classroom - Data structures - String list", "03 - Classroom - Data structures - String list\03 - Classroom - Data structures - String list.vcxproj", "{4BB594DB-FAEA-4F62-95AC-BD402A707895}"
EndProject
Project("{8BC9CEB8-8B4A-11D0-8D11-00A0C91BC942}") = "04 - Classroom - OOP - Operator", "04 - Classroom - OOP - Operator\04 - Classroom - OOP - Operator.vcxproj", "{9103B375-E1B1-48A8-861A-D119BCE849F3}"
EndProject
Project("{8BC9CEB8-8B4A-11D0-8D11-00A0C91BC942}") = "01.02 - Formative - Poker - Class", "01.02 - Formative - Poker - Class\01.02 - Formative - Poker - Class.vcxproj", "{8BFB428F-7060-4F2F-B4FD-D8CCB90C3200}"
EndProject
Project("{8BC9CEB8-8B4A-11D0-8D11-00A0C91BC942}") = "04 - Exercice 1 - Class - Car", "04 - Exercice 1 - Class - Car\04 - Exercice 1 - Class - Car.vcxproj", "{8A71C581-1149-4D8E-8451-F57D5CF89829}"
EndProject
Project("{2150E333-8FDC-42A3-9474-1A3956D46DE8}") = "01", "01", "{CDFE249E-2F8D-4136-BAB1-FD8C1328B100}"
EndProject
Project("{2150E333-8FDC-42A3-9474-1A3956D46DE8}") = "02", "02", "{79AF7DD1-A4D5-456A-99BD-BCA2E13853E8}"
EndProject
Project("{2150E333-8FDC-42A3-9474-1A3956D46DE8}") = "03", "03", "{C1E96F87-A2A4-4F56-9325-EB992E2A14C3}"
EndProject
Project("{8BC9CEB8-8B4A-11D0-8D11-00A0C91BC942}") = "04 - Exercice 2 - Class - Point", "04 - Exercice 2 - Class - Point\04 - Exercice 2 - Class - Point.vcxproj", "{186AA9B0-BB7C-4348-A438-A57EE1BE9491}"
EndProject
Project("{8BC9CEB8-8B4A-11D0-8D11-00A0C91BC942}") = "04 - Classroom - Class - static", "04 - Classroom - Class - static\04 - Classroom - Class - static.vcxproj", "{8CDCF3F4-B884-4905-8759-C9F1FC38E1FB}"
EndProject
Project("{8BC9CEB8-8B4A-11D0-8D11-00A0C91BC942}") = "04 - Exercice 4 - Class - Candies", "04 - Exercice - Class - Candies\04 - Exercice - Class - Candies.vcxproj", "{C29BF2A8-0D4E-4074-9620-2D8F2EE48F47}"
EndProject
Project("{8BC9CEB8-8B4A-11D0-8D11-00A0C91BC942}") = "04 - Classroom - OOP - Heritance", "04 - Classroom - OOP - Heritance\04 - Classroom - OOP - Heritance.vcxproj", "{F57FB840-041F-4C44-8FDC-C854A20385F4}"
EndProject
Project("{8BC9CEB8-8B4A-11D0-8D11-00A0C91BC942}") = "04 - Classroom - OOP - Virtuality", "04 - Classroom - OOP - Virtuality\04 - Classroom - OOP - Virtuality.vcxproj", "{C7529F80-BC13-4600-82FB-A50A8E97C810}"
EndProject
Global
	GlobalSection(SolutionConfigurationPlatforms) = preSolution
		Debug|x64 = Debug|x64
		Debug|x86 = Debug|x86
		Release|x64 = Release|x64
		Release|x86 = Release|x86
	EndGlobalSection
	GlobalSection(ProjectConfigurationPlatforms) = postSolution
		{D59D692C-0050-495A-90ED-24770F802980}.Debug|x64.ActiveCfg = Debug|x64
		{D59D692C-0050-495A-90ED-24770F802980}.Debug|x64.Build.0 = Debug|x64
		{D59D692C-0050-495A-90ED-24770F802980}.Debug|x86.ActiveCfg = Debug|Win32
		{D59D692C-0050-495A-90ED-24770F802980}.Debug|x86.Build.0 = Debug|Win32
		{D59D692C-0050-495A-90ED-24770F802980}.Release|x64.ActiveCfg = Release|x64
		{D59D692C-0050-495A-90ED-24770F802980}.Release|x64.Build.0 = Release|x64
		{D59D692C-0050-495A-90ED-24770F802980}.Release|x86.ActiveCfg = Release|Win32
		{D59D692C-0050-495A-90ED-24770F802980}.Release|x86.Build.0 = Release|Win32
		{265A83D5-6FCD-42B9-8E9C-1BDB7E5ED05E}.Debug|x64.ActiveCfg = Debug|x64
		{265A83D5-6FCD-42B9-8E9C-1BDB7E5ED05E}.Debug|x64.Build.0 = Debug|x64
		{265A83D5-6FCD-42B9-8E9C-1BDB7E5ED05E}.Debug|x86.ActiveCfg = Debug|Win32
		{265A83D5-6FCD-42B9-8E9C-1BDB7E5ED05E}.Debug|x86.Build.0 = Debug|Win32
		{265A83D5-6FCD-42B9-8E9C-1BDB7E5ED05E}.Release|x64.ActiveCfg = Release|x64
		{265A83D5-6FCD-42B9-8E9C-1BDB7E5ED05E}.Release|x64.Build.0 = Release|x64
		{265A83D5-6FCD-42B9-8E9C-1BDB7E5ED05E}.Release|x86.ActiveCfg = Release|Win32
		{265A83D5-6FCD-42B9-8E9C-1BDB7E5ED05E}.Release|x86.Build.0 = Release|Win32
		{C13FC3AA-7BCD-4501-B5C4-C45C80837382}.Debug|x64.ActiveCfg = Debug|x64
		{C13FC3AA-7BCD-4501-B5C4-C45C80837382}.Debug|x64.Build.0 = Debug|x64
		{C13FC3AA-7BCD-4501-B5C4-C45C80837382}.Debug|x86.ActiveCfg = Debug|Win32
		{C13FC3AA-7BCD-4501-B5C4-C45C80837382}.Debug|x86.Build.0 = Debug|Win32
		{C13FC3AA-7BCD-4501-B5C4-C45C80837382}.Release|x64.ActiveCfg = Release|x64
		{C13FC3AA-7BCD-4501-B5C4-C45C80837382}.Release|x64.Build.0 = Release|x64
		{C13FC3AA-7BCD-4501-B5C4-C45C80837382}.Release|x86.ActiveCfg = Release|Win32
		{C13FC3AA-7BCD-4501-B5C4-C45C80837382}.Release|x86.Build.0 = Release|Win32
		{F50E99F7-BCF7-444C-A334-0F7F6BAD6ADF}.Debug|x64.ActiveCfg = Debug|x64
		{F50E99F7-BCF7-444C-A334-0F7F6BAD6ADF}.Debug|x64.Build.0 = Debug|x64
		{F50E99F7-BCF7-444C-A334-0F7F6BAD6ADF}.Debug|x86.ActiveCfg = Debug|Win32
		{F50E99F7-BCF7-444C-A334-0F7F6BAD6ADF}.Debug|x86.Build.0 = Debug|Win32
		{F50E99F7-BCF7-444C-A334-0F7F6BAD6ADF}.Release|x64.ActiveCfg = Release|x64
		{F50E99F7-BCF7-444C-A334-0F7F6BAD6ADF}.Release|x64.Build.0 = Release|x64
		{F50E99F7-BCF7-444C-A334-0F7F6BAD6ADF}.Release|x86.ActiveCfg = Release|Win32
		{F50E99F7-BCF7-444C-A334-0F7F6BAD6ADF}.Release|x86.Build.0 = Release|Win32
		{23D5BC0F-0B55-4740-89E7-96DFB13543A7}.Debug|x64.ActiveCfg = Debug|x64
		{23D5BC0F-0B55-4740-89E7-96DFB13543A7}.Debug|x64.Build.0 = Debug|x64
		{23D5BC0F-0B55-4740-89E7-96DFB13543A7}.Debug|x86.ActiveCfg = Debug|Win32
		{23D5BC0F-0B55-4740-89E7-96DFB13543A7}.Debug|x86.Build.0 = Debug|Win32
		{23D5BC0F-0B55-4740-89E7-96DFB13543A7}.Release|x64.ActiveCfg = Release|x64
		{23D5BC0F-0B55-4740-89E7-96DFB13543A7}.Release|x64.Build.0 = Release|x64
		{23D5BC0F-0B55-4740-89E7-96DFB13543A7}.Release|x86.ActiveCfg = Release|Win32
		{23D5BC0F-0B55-4740-89E7-96DFB13543A7}.Release|x86.Build.0 = Release|Win32
		{5A0A4E33-3940-47FD-80B0-53F3643C9E06}.Debug|x64.ActiveCfg = Debug|x64
		{5A0A4E33-3940-47FD-80B0-53F3643C9E06}.Debug|x64.Build.0 = Debug|x64
		{5A0A4E33-3940-47FD-80B0-53F3643C9E06}.Debug|x86.ActiveCfg = Debug|Win32
		{5A0A4E33-3940-47FD-80B0-53F3643C9E06}.Debug|x86.Build.0 = Debug|Win32
		{5A0A4E33-3940-47FD-80B0-53F3643C9E06}.Release|x64.ActiveCfg = Release|x64
		{5A0A4E33-3940-47FD-80B0-53F3643C9E06}.Release|x64.Build.0 = Release|x64
		{5A0A4E33-3940-47FD-80B0-53F3643C9E06}.Release|x86.ActiveCfg = Release|Win32
		{5A0A4E33-3940-47FD-80B0-53F3643C9E06}.Release|x86.Build.0 = Release|Win32
		{305E4441-A654-4F25-8763-0B0F076D7133}.Debug|x64.ActiveCfg = Debug|x64
		{305E4441-A654-4F25-8763-0B0F076D7133}.Debug|x64.Build.0 = Debug|x64
		{305E4441-A654-4F25-8763-0B0F076D7133}.Debug|x86.ActiveCfg = Debug|Win32
		{305E4441-A654-4F25-8763-0B0F076D7133}.Debug|x86.Build.0 = Debug|Win32
		{305E4441-A654-4F25-8763-0B0F076D7133}.Release|x64.ActiveCfg = Release|x64
		{305E4441-A654-4F25-8763-0B0F076D7133}.Release|x64.Build.0 = Release|x64
		{305E4441-A654-4F25-8763-0B0F076D7133}.Release|x86.ActiveCfg = Release|Win32
		{305E4441-A654-4F25-8763-0B0F076D7133}.Release|x86.Build.0 = Release|Win32
		{8962EA1B-4E5C-42B6-84A7-ABABA3DF9832}.Debug|x64.ActiveCfg = Debug|x64
		{8962EA1B-4E5C-42B6-84A7-ABABA3DF9832}.Debug|x64.Build.0 = Debug|x64
		{8962EA1B-4E5C-42B6-84A7-ABABA3DF9832}.Debug|x86.ActiveCfg = Debug|Win32
		{8962EA1B-4E5C-42B6-84A7-ABABA3DF9832}.Debug|x86.Build.0 = Debug|Win32
		{8962EA1B-4E5C-42B6-84A7-ABABA3DF9832}.Release|x64.ActiveCfg = Release|x64
		{8962EA1B-4E5C-42B6-84A7-ABABA3DF9832}.Release|x64.Build.0 = Release|x64
		{8962EA1B-4E5C-42B6-84A7-ABABA3DF9832}.Release|x86.ActiveCfg = Release|Win32
		{8962EA1B-4E5C-42B6-84A7-ABABA3DF9832}.Release|x86.Build.0 = Release|Win32
		{2BEECEE6-6DFA-4665-84C9-F41AB76045B1}.Debug|x64.ActiveCfg = Debug|x64
		{2BEECEE6-6DFA-4665-84C9-F41AB76045B1}.Debug|x64.Build.0 = Debug|x64
		{2BEECEE6-6DFA-4665-84C9-F41AB76045B1}.Debug|x86.ActiveCfg = Debug|Win32
		{2BEECEE6-6DFA-4665-84C9-F41AB76045B1}.Debug|x86.Build.0 = Debug|Win32
		{2BEECEE6-6DFA-4665-84C9-F41AB76045B1}.Release|x64.ActiveCfg = Release|x64
		{2BEECEE6-6DFA-4665-84C9-F41AB76045B1}.Release|x64.Build.0 = Release|x64
		{2BEECEE6-6DFA-4665-84C9-F41AB76045B1}.Release|x86.ActiveCfg = Release|Win32
		{2BEECEE6-6DFA-4665-84C9-F41AB76045B1}.Release|x86.Build.0 = Release|Win32
		{7F541BFA-A9DD-4098-BE85-25967D999BC7}.Debug|x64.ActiveCfg = Debug|x64
		{7F541BFA-A9DD-4098-BE85-25967D999BC7}.Debug|x64.Build.0 = Debug|x64
		{7F541BFA-A9DD-4098-BE85-25967D999BC7}.Debug|x86.ActiveCfg = Debug|Win32
		{7F541BFA-A9DD-4098-BE85-25967D999BC7}.Debug|x86.Build.0 = Debug|Win32
		{7F541BFA-A9DD-4098-BE85-25967D999BC7}.Release|x64.ActiveCfg = Release|x64
		{7F541BFA-A9DD-4098-BE85-25967D999BC7}.Release|x64.Build.0 = Release|x64
		{7F541BFA-A9DD-4098-BE85-25967D999BC7}.Release|x86.ActiveCfg = Release|Win32
		{7F541BFA-A9DD-4098-BE85-25967D999BC7}.Release|x86.Build.0 = Release|Win32
		{9A8E0C96-7C6B-4162-B787-9B6FF3A00DB2}.Debug|x64.ActiveCfg = Debug|x64
		{9A8E0C96-7C6B-4162-B787-9B6FF3A00DB2}.Debug|x64.Build.0 = Debug|x64
		{9A8E0C96-7C6B-4162-B787-9B6FF3A00DB2}.Debug|x86.ActiveCfg = Debug|Win32
		{9A8E0C96-7C6B-4162-B787-9B6FF3A00DB2}.Debug|x86.Build.0 = Debug|Win32
		{9A8E0C96-7C6B-4162-B787-9B6FF3A00DB2}.Release|x64.ActiveCfg = Release|x64
		{9A8E0C96-7C6B-4162-B787-9B6FF3A00DB2}.Release|x64.Build.0 = Release|x64
		{9A8E0C96-7C6B-4162-B787-9B6FF3A00DB2}.Release|x86.ActiveCfg = Release|Win32
		{9A8E0C96-7C6B-4162-B787-9B6FF3A00DB2}.Release|x86.Build.0 = Release|Win32
		{0F4CA347-1FCB-4152-B077-0A72F7A7ABF1}.Debug|x64.ActiveCfg = Debug|x64
		{0F4CA347-1FCB-4152-B077-0A72F7A7ABF1}.Debug|x64.Build.0 = Debug|x64
		{0F4CA347-1FCB-4152-B077-0A72F7A7ABF1}.Debug|x86.ActiveCfg = Debug|Win32
		{0F4CA347-1FCB-4152-B077-0A72F7A7ABF1}.Debug|x86.Build.0 = Debug|Win32
		{0F4CA347-1FCB-4152-B077-0A72F7A7ABF1}.Release|x64.ActiveCfg = Release|x64
		{0F4CA347-1FCB-4152-B077-0A72F7A7ABF1}.Release|x64.Build.0 = Release|x64
		{0F4CA347-1FCB-4152-B077-0A72F7A7ABF1}.Release|x86.ActiveCfg = Release|Win32
		{0F4CA347-1FCB-4152-B077-0A72F7A7ABF1}.Release|x86.Build.0 = Release|Win32
		{C93EEFA2-6A7D-44D1-81E3-5001BFC463B6}.Debug|x64.ActiveCfg = Debug|x64
		{C93EEFA2-6A7D-44D1-81E3-5001BFC463B6}.Debug|x64.Build.0 = Debug|x64
		{C93EEFA2-6A7D-44D1-81E3-5001BFC463B6}.Debug|x86.ActiveCfg = Debug|Win32
		{C93EEFA2-6A7D-44D1-81E3-5001BFC463B6}.Debug|x86.Build.0 = Debug|Win32
		{C93EEFA2-6A7D-44D1-81E3-5001BFC463B6}.Release|x64.ActiveCfg = Release|x64
		{C93EEFA2-6A7D-44D1-81E3-5001BFC463B6}.Release|x64.Build.0 = Release|x64
		{C93EEFA2-6A7D-44D1-81E3-5001BFC463B6}.Release|x86.ActiveCfg = Release|Win32
		{C93EEFA2-6A7D-44D1-81E3-5001BFC463B6}.Release|x86.Build.0 = Release|Win32
		{BC99F43C-DEB2-4292-BC7B-4EA1EC4D978D}.Debug|x64.ActiveCfg = Debug|x64
		{BC99F43C-DEB2-4292-BC7B-4EA1EC4D978D}.Debug|x64.Build.0 = Debug|x64
		{BC99F43C-DEB2-4292-BC7B-4EA1EC4D978D}.Debug|x86.ActiveCfg = Debug|Win32
		{BC99F43C-DEB2-4292-BC7B-4EA1EC4D978D}.Debug|x86.Build.0 = Debug|Win32
		{BC99F43C-DEB2-4292-BC7B-4EA1EC4D978D}.Release|x64.ActiveCfg = Release|x64
		{BC99F43C-DEB2-4292-BC7B-4EA1EC4D978D}.Release|x64.Build.0 = Release|x64
		{BC99F43C-DEB2-4292-BC7B-4EA1EC4D978D}.Release|x86.ActiveCfg = Release|Win32
		{BC99F43C-DEB2-4292-BC7B-4EA1EC4D978D}.Release|x86.Build.0 = Release|Win32
		{90732857-3D1A-4620-AAAA-6947A4A07F1D}.Debug|x64.ActiveCfg = Debug|x64
		{90732857-3D1A-4620-AAAA-6947A4A07F1D}.Debug|x64.Build.0 = Debug|x64
		{90732857-3D1A-4620-AAAA-6947A4A07F1D}.Debug|x86.ActiveCfg = Debug|Win32
		{90732857-3D1A-4620-AAAA-6947A4A07F1D}.Debug|x86.Build.0 = Debug|Win32
		{90732857-3D1A-4620-AAAA-6947A4A07F1D}.Release|x64.ActiveCfg = Release|x64
		{90732857-3D1A-4620-AAAA-6947A4A07F1D}.Release|x64.Build.0 = Release|x64
		{90732857-3D1A-4620-AAAA-6947A4A07F1D}.Release|x86.ActiveCfg = Release|Win32
		{90732857-3D1A-4620-AAAA-6947A4A07F1D}.Release|x86.Build.0 = Release|Win32
		{0CCA2A67-ECF8-47EF-85AF-C6B53B693220}.Debug|x64.ActiveCfg = Debug|x64
		{0CCA2A67-ECF8-47EF-85AF-C6B53B693220}.Debug|x64.Build.0 = Debug|x64
		{0CCA2A67-ECF8-47EF-85AF-C6B53B693220}.Debug|x86.ActiveCfg = Debug|Win32
		{0CCA2A67-ECF8-47EF-85AF-C6B53B693220}.Debug|x86.Build.0 = Debug|Win32
		{0CCA2A67-ECF8-47EF-85AF-C6B53B693220}.Release|x64.ActiveCfg = Release|x64
		{0CCA2A67-ECF8-47EF-85AF-C6B53B693220}.Release|x64.Build.0 = Release|x64
		{0CCA2A67-ECF8-47EF-85AF-C6B53B693220}.Release|x86.ActiveCfg = Release|Win32
		{0CCA2A67-ECF8-47EF-85AF-C6B53B693220}.Release|x86.Build.0 = Release|Win32
		{9DA9D0B7-3E3F-459D-A460-736A6D468EEE}.Debug|x64.ActiveCfg = Debug|x64
		{9DA9D0B7-3E3F-459D-A460-736A6D468EEE}.Debug|x64.Build.0 = Debug|x64
		{9DA9D0B7-3E3F-459D-A460-736A6D468EEE}.Debug|x86.ActiveCfg = Debug|Win32
		{9DA9D0B7-3E3F-459D-A460-736A6D468EEE}.Debug|x86.Build.0 = Debug|Win32
		{9DA9D0B7-3E3F-459D-A460-736A6D468EEE}.Release|x64.ActiveCfg = Release|x64
		{9DA9D0B7-3E3F-459D-A460-736A6D468EEE}.Release|x64.Build.0 = Release|x64
		{9DA9D0B7-3E3F-459D-A460-736A6D468EEE}.Release|x86.ActiveCfg = Release|Win32
		{9DA9D0B7-3E3F-459D-A460-736A6D468EEE}.Release|x86.Build.0 = Release|Win32
		{36148E97-8AD6-4E8F-9869-3DC83E90158C}.Debug|x64.ActiveCfg = Debug|x64
		{36148E97-8AD6-4E8F-9869-3DC83E90158C}.Debug|x64.Build.0 = Debug|x64
		{36148E97-8AD6-4E8F-9869-3DC83E90158C}.Debug|x86.ActiveCfg = Debug|Win32
		{36148E97-8AD6-4E8F-9869-3DC83E90158C}.Debug|x86.Build.0 = Debug|Win32
		{36148E97-8AD6-4E8F-9869-3DC83E90158C}.Release|x64.ActiveCfg = Release|x64
		{36148E97-8AD6-4E8F-9869-3DC83E90158C}.Release|x64.Build.0 = Release|x64
		{36148E97-8AD6-4E8F-9869-3DC83E90158C}.Release|x86.ActiveCfg = Release|Win32
		{36148E97-8AD6-4E8F-9869-3DC83E90158C}.Release|x86.Build.0 = Release|Win32
		{A2FFDFBE-5BCB-47C6-B387-3DF505543039}.Debug|x64.ActiveCfg = Debug|x64
		{A2FFDFBE-5BCB-47C6-B387-3DF505543039}.Debug|x64.Build.0 = Debug|x64
		{A2FFDFBE-5BCB-47C6-B387-3DF505543039}.Debug|x86.ActiveCfg = Debug|Win32
		{A2FFDFBE-5BCB-47C6-B387-3DF505543039}.Debug|x86.Build.0 = Debug|Win32
		{A2FFDFBE-5BCB-47C6-B387-3DF505543039}.Release|x64.ActiveCfg = Release|x64
		{A2FFDFBE-5BCB-47C6-B387-3DF505543039}.Release|x64.Build.0 = Release|x64
		{A2FFDFBE-5BCB-47C6-B387-3DF505543039}.Release|x86.ActiveCfg = Release|Win32
		{A2FFDFBE-5BCB-47C6-B387-3DF505543039}.Release|x86.Build.0 = Release|Win32
		{E3CCBBD8-3667-4F2B-A405-7C58D45287BF}.Debug|x64.ActiveCfg = Debug|x64
		{E3CCBBD8-3667-4F2B-A405-7C58D45287BF}.Debug|x64.Build.0 = Debug|x64
		{E3CCBBD8-3667-4F2B-A405-7C58D45287BF}.Debug|x86.ActiveCfg = Debug|Win32
		{E3CCBBD8-3667-4F2B-A405-7C58D45287BF}.Debug|x86.Build.0 = Debug|Win32
		{E3CCBBD8-3667-4F2B-A405-7C58D45287BF}.Release|x64.ActiveCfg = Release|x64
		{E3CCBBD8-3667-4F2B-A405-7C58D45287BF}.Release|x64.Build.0 = Release|x64
		{E3CCBBD8-3667-4F2B-A405-7C58D45287BF}.Release|x86.ActiveCfg = Release|Win32
		{E3CCBBD8-3667-4F2B-A405-7C58D45287BF}.Release|x86.Build.0 = Release|Win32
		{7D083E38-01F9-460E-B203-AC118557F7E4}.Debug|x64.ActiveCfg = Debug|x64
		{7D083E38-01F9-460E-B203-AC118557F7E4}.Debug|x64.Build.0 = Debug|x64
		{7D083E38-01F9-460E-B203-AC118557F7E4}.Debug|x86.ActiveCfg = Debug|Win32
		{7D083E38-01F9-460E-B203-AC118557F7E4}.Debug|x86.Build.0 = Debug|Win32
		{7D083E38-01F9-460E-B203-AC118557F7E4}.Release|x64.ActiveCfg = Release|x64
		{7D083E38-01F9-460E-B203-AC118557F7E4}.Release|x64.Build.0 = Release|x64
		{7D083E38-01F9-460E-B203-AC118557F7E4}.Release|x86.ActiveCfg = Release|Win32
		{7D083E38-01F9-460E-B203-AC118557F7E4}.Release|x86.Build.0 = Release|Win32
		{86D90494-A7BE-4E74-8910-D4B0075E4406}.Debug|x64.ActiveCfg = Debug|x64
		{86D90494-A7BE-4E74-8910-D4B0075E4406}.Debug|x64.Build.0 = Debug|x64
		{86D90494-A7BE-4E74-8910-D4B0075E4406}.Debug|x86.ActiveCfg = Debug|Win32
		{86D90494-A7BE-4E74-8910-D4B0075E4406}.Debug|x86.Build.0 = Debug|Win32
		{86D90494-A7BE-4E74-8910-D4B0075E4406}.Release|x64.ActiveCfg = Release|x64
		{86D90494-A7BE-4E74-8910-D4B0075E4406}.Release|x64.Build.0 = Release|x64
		{86D90494-A7BE-4E74-8910-D4B0075E4406}.Release|x86.ActiveCfg = Release|Win32
		{86D90494-A7BE-4E74-8910-D4B0075E4406}.Release|x86.Build.0 = Release|Win32
		{EE4E9D2D-9C11-41CB-9D0E-F3A8207CD36F}.Debug|x64.ActiveCfg = Debug|x64
		{EE4E9D2D-9C11-41CB-9D0E-F3A8207CD36F}.Debug|x64.Build.0 = Debug|x64
		{EE4E9D2D-9C11-41CB-9D0E-F3A8207CD36F}.Debug|x86.ActiveCfg = Debug|Win32
		{EE4E9D2D-9C11-41CB-9D0E-F3A8207CD36F}.Debug|x86.Build.0 = Debug|Win32
		{EE4E9D2D-9C11-41CB-9D0E-F3A8207CD36F}.Release|x64.ActiveCfg = Release|x64
		{EE4E9D2D-9C11-41CB-9D0E-F3A8207CD36F}.Release|x64.Build.0 = Release|x64
		{EE4E9D2D-9C11-41CB-9D0E-F3A8207CD36F}.Release|x86.ActiveCfg = Release|Win32
		{EE4E9D2D-9C11-41CB-9D0E-F3A8207CD36F}.Release|x86.Build.0 = Release|Win32
		{A916AECF-A388-45A7-B3CD-D1585FE4B9D7}.Debug|x64.ActiveCfg = Debug|x64
		{A916AECF-A388-45A7-B3CD-D1585FE4B9D7}.Debug|x64.Build.0 = Debug|x64
		{A916AECF-A388-45A7-B3CD-D1585FE4B9D7}.Debug|x86.ActiveCfg = Debug|Win32
		{A916AECF-A388-45A7-B3CD-D1585FE4B9D7}.Debug|x86.Build.0 = Debug|Win32
		{A916AECF-A388-45A7-B3CD-D1585FE4B9D7}.Release|x64.ActiveCfg = Release|x64
		{A916AECF-A388-45A7-B3CD-D1585FE4B9D7}.Release|x64.Build.0 = Release|x64
		{A916AECF-A388-45A7-B3CD-D1585FE4B9D7}.Release|x86.ActiveCfg = Release|Win32
		{A916AECF-A388-45A7-B3CD-D1585FE4B9D7}.Release|x86.Build.0 = Release|Win32
		{4BB594DB-FAEA-4F62-95AC-BD402A707895}.Debug|x64.ActiveCfg = Debug|x64
		{4BB594DB-FAEA-4F62-95AC-BD402A707895}.Debug|x64.Build.0 = Debug|x64
		{4BB594DB-FAEA-4F62-95AC-BD402A707895}.Debug|x86.ActiveCfg = Debug|Win32
		{4BB594DB-FAEA-4F62-95AC-BD402A707895}.Debug|x86.Build.0 = Debug|Win32
		{4BB594DB-FAEA-4F62-95AC-BD402A707895}.Release|x64.ActiveCfg = Release|x64
		{4BB594DB-FAEA-4F62-95AC-BD402A707895}.Release|x64.Build.0 = Release|x64
		{4BB594DB-FAEA-4F62-95AC-BD402A707895}.Release|x86.ActiveCfg = Release|Win32
		{4BB594DB-FAEA-4F62-95AC-BD402A707895}.Release|x86.Build.0 = Release|Win32
		{9103B375-E1B1-48A8-861A-D119BCE849F3}.Debug|x64.ActiveCfg = Debug|x64
		{9103B375-E1B1-48A8-861A-D119BCE849F3}.Debug|x64.Build.0 = Debug|x64
		{9103B375-E1B1-48A8-861A-D119BCE849F3}.Debug|x86.ActiveCfg = Debug|Win32
		{9103B375-E1B1-48A8-861A-D119BCE849F3}.Debug|x86.Build.0 = Debug|Win32
		{9103B375-E1B1-48A8-861A-D119BCE849F3}.Release|x64.ActiveCfg = Release|x64
		{9103B375-E1B1-48A8-861A-D119BCE849F3}.Release|x64.Build.0 = Release|x64
		{9103B375-E1B1-48A8-861A-D119BCE849F3}.Release|x86.ActiveCfg = Release|Win32
		{9103B375-E1B1-48A8-861A-D119BCE849F3}.Release|x86.Build.0 = Release|Win32
		{8BFB428F-7060-4F2F-B4FD-D8CCB90C3200}.Debug|x64.ActiveCfg = Debug|x64
		{8BFB428F-7060-4F2F-B4FD-D8CCB90C3200}.Debug|x64.Build.0 = Debug|x64
		{8BFB428F-7060-4F2F-B4FD-D8CCB90C3200}.Debug|x86.ActiveCfg = Debug|Win32
		{8BFB428F-7060-4F2F-B4FD-D8CCB90C3200}.Debug|x86.Build.0 = Debug|Win32
		{8BFB428F-7060-4F2F-B4FD-D8CCB90C3200}.Release|x64.ActiveCfg = Release|x64
		{8BFB428F-7060-4F2F-B4FD-D8CCB90C3200}.Release|x64.Build.0 = Release|x64
		{8BFB428F-7060-4F2F-B4FD-D8CCB90C3200}.Release|x86.ActiveCfg = Release|Win32
		{8BFB428F-7060-4F2F-B4FD-D8CCB90C3200}.Release|x86.Build.0 = Release|Win32
		{8A71C581-1149-4D8E-8451-F57D5CF89829}.Debug|x64.ActiveCfg = Debug|x64
		{8A71C581-1149-4D8E-8451-F57D5CF89829}.Debug|x64.Build.0 = Debug|x64
		{8A71C581-1149-4D8E-8451-F57D5CF89829}.Debug|x86.ActiveCfg = Debug|Win32
		{8A71C581-1149-4D8E-8451-F57D5CF89829}.Debug|x86.Build.0 = Debug|Win32
		{8A71C581-1149-4D8E-8451-F57D5CF89829}.Release|x64.ActiveCfg = Release|x64
		{8A71C581-1149-4D8E-8451-F57D5CF89829}.Release|x64.Build.0 = Release|x64
		{8A71C581-1149-4D8E-8451-F57D5CF89829}.Release|x86.ActiveCfg = Release|Win32
		{8A71C581-1149-4D8E-8451-F57D5CF89829}.Release|x86.Build.0 = Release|Win32
		{186AA9B0-BB7C-4348-A438-A57EE1BE9491}.Debug|x64.ActiveCfg = Debug|x64
		{186AA9B0-BB7C-4348-A438-A57EE1BE9491}.Debug|x64.Build.0 = Debug|x64
		{186AA9B0-BB7C-4348-A438-A57EE1BE9491}.Debug|x86.ActiveCfg = Debug|Win32
		{186AA9B0-BB7C-4348-A438-A57EE1BE9491}.Debug|x86.Build.0 = Debug|Win32
		{186AA9B0-BB7C-4348-A438-A57EE1BE9491}.Release|x64.ActiveCfg = Release|x64
		{186AA9B0-BB7C-4348-A438-A57EE1BE9491}.Release|x64.Build.0 = Release|x64
		{186AA9B0-BB7C-4348-A438-A57EE1BE9491}.Release|x86.ActiveCfg = Release|Win32
		{186AA9B0-BB7C-4348-A438-A57EE1BE9491}.Release|x86.Build.0 = Release|Win32
		{8CDCF3F4-B884-4905-8759-C9F1FC38E1FB}.Debug|x64.ActiveCfg = Debug|x64
		{8CDCF3F4-B884-4905-8759-C9F1FC38E1FB}.Debug|x64.Build.0 = Debug|x64
		{8CDCF3F4-B884-4905-8759-C9F1FC38E1FB}.Debug|x86.ActiveCfg = Debug|Win32
		{8CDCF3F4-B884-4905-8759-C9F1FC38E1FB}.Debug|x86.Build.0 = Debug|Win32
		{8CDCF3F4-B884-4905-8759-C9F1FC38E1FB}.Release|x64.ActiveCfg = Release|x64
		{8CDCF3F4-B884-4905-8759-C9F1FC38E1FB}.Release|x64.Build.0 = Release|x64
		{8CDCF3F4-B884-4905-8759-C9F1FC38E1FB}.Release|x86.ActiveCfg = Release|Win32
		{8CDCF3F4-B884-4905-8759-C9F1FC38E1FB}.Release|x86.Build.0 = Release|Win32
		{C29BF2A8-0D4E-4074-9620-2D8F2EE48F47}.Debug|x64.ActiveCfg = Debug|x64
		{C29BF2A8-0D4E-4074-9620-2D8F2EE48F47}.Debug|x64.Build.0 = Debug|x64
		{C29BF2A8-0D4E-4074-9620-2D8F2EE48F47}.Debug|x86.ActiveCfg = Debug|Win32
		{C29BF2A8-0D4E-4074-9620-2D8F2EE48F47}.Debug|x86.Build.0 = Debug|Win32
		{C29BF2A8-0D4E-4074-9620-2D8F2EE48F47}.Release|x64.ActiveCfg = Release|x64
		{C29BF2A8-0D4E-4074-9620-2D8F2EE48F47}.Release|x64.Build.0 = Release|x64
		{C29BF2A8-0D4E-4074-9620-2D8F2EE48F47}.Release|x86.ActiveCfg = Release|Win32
		{C29BF2A8-0D4E-4074-9620-2D8F2EE48F47}.Release|x86.Build.0 = Release|Win32
		{F57FB840-041F-4C44-8FDC-C854A20385F4}.Debug|x64.ActiveCfg = Debug|x64
		{F57FB840-041F-4C44-8FDC-C854A20385F4}.Debug|x64.Build.0 = Debug|x64
		{F57FB840-041F-4C44-8FDC-C854A20385F4}.Debug|x86.ActiveCfg = Debug|Win32
		{F57FB840-041F-4C44-8FDC-C854A20385F4}.Debug|x86.Build.0 = Debug|Win32
		{F57FB840-041F-4C44-8FDC-C854A20385F4}.Release|x64.ActiveCfg = Release|x64
		{F57FB840-041F-4C44-8FDC-C854A20385F4}.Release|x64.Build.0 = Release|x64
		{F57FB840-041F-4C44-8FDC-C854A20385F4}.Release|x86.ActiveCfg = Release|Win32
		{F57FB840-041F-4C44-8FDC-C854A20385F4}.Release|x86.Build.0 = Release|Win32
		{C7529F80-BC13-4600-82FB-A50A8E97C810}.Debug|x64.ActiveCfg = Debug|x64
		{C7529F80-BC13-4600-82FB-A50A8E97C810}.Debug|x64.Build.0 = Debug|x64
		{C7529F80-BC13-4600-82FB-A50A8E97C810}.Debug|x86.ActiveCfg = Debug|Win32
		{C7529F80-BC13-4600-82FB-A50A8E97C810}.Debug|x86.Build.0 = Debug|Win32
		{C7529F80-BC13-4600-82FB-A50A8E97C810}.Release|x64.ActiveCfg = Release|x64
		{C7529F80-BC13-4600-82FB-A50A8E97C810}.Release|x64.Build.0 = Release|x64
		{C7529F80-BC13-4600-82FB-A50A8E97C810}.Release|x86.ActiveCfg = Release|Win32
		{C7529F80-BC13-4600-82FB-A50A8E97C810}.Release|x86.Build.0 = Release|Win32
	EndGlobalSection
	GlobalSection(SolutionProperties) = preSolution
		HideSolutionNode = FALSE
	EndGlobalSection
	GlobalSection(NestedProjects) = preSolution
		{D59D692C-0050-495A-90ED-24770F802980} = {CDFE249E-2F8D-4136-BAB1-FD8C1328B100}
		{265A83D5-6FCD-42B9-8E9C-1BDB7E5ED05E} = {CDFE249E-2F8D-4136-BAB1-FD8C1328B100}
		{C13FC3AA-7BCD-4501-B5C4-C45C80837382} = {CDFE249E-2F8D-4136-BAB1-FD8C1328B100}
		{F50E99F7-BCF7-444C-A334-0F7F6BAD6ADF} = {CDFE249E-2F8D-4136-BAB1-FD8C1328B100}
		{23D5BC0F-0B55-4740-89E7-96DFB13543A7} = {CDFE249E-2F8D-4136-BAB1-FD8C1328B100}
		{5A0A4E33-3940-47FD-80B0-53F3643C9E06} = {CDFE249E-2F8D-4136-BAB1-FD8C1328B100}
		{305E4441-A654-4F25-8763-0B0F076D7133} = {CDFE249E-2F8D-4136-BAB1-FD8C1328B100}
		{8962EA1B-4E5C-42B6-84A7-ABABA3DF9832} = {CDFE249E-2F8D-4136-BAB1-FD8C1328B100}
		{2BEECEE6-6DFA-4665-84C9-F41AB76045B1} = {79AF7DD1-A4D5-456A-99BD-BCA2E13853E8}
		{7F541BFA-A9DD-4098-BE85-25967D999BC7} = {CDFE249E-2F8D-4136-BAB1-FD8C1328B100}
		{9A8E0C96-7C6B-4162-B787-9B6FF3A00DB2} = {CDFE249E-2F8D-4136-BAB1-FD8C1328B100}
		{0F4CA347-1FCB-4152-B077-0A72F7A7ABF1} = {CDFE249E-2F8D-4136-BAB1-FD8C1328B100}
		{C93EEFA2-6A7D-44D1-81E3-5001BFC463B6} = {CDFE249E-2F8D-4136-BAB1-FD8C1328B100}
		{BC99F43C-DEB2-4292-BC7B-4EA1EC4D978D} = {CDFE249E-2F8D-4136-BAB1-FD8C1328B100}
		{90732857-3D1A-4620-AAAA-6947A4A07F1D} = {CDFE249E-2F8D-4136-BAB1-FD8C1328B100}
		{0CCA2A67-ECF8-47EF-85AF-C6B53B693220} = {CDFE249E-2F8D-4136-BAB1-FD8C1328B100}
		{9DA9D0B7-3E3F-459D-A460-736A6D468EEE} = {CDFE249E-2F8D-4136-BAB1-FD8C1328B100}
		{36148E97-8AD6-4E8F-9869-3DC83E90158C} = {C1E96F87-A2A4-4F56-9325-EB992E2A14C3}
		{A2FFDFBE-5BCB-47C6-B387-3DF505543039} = {C1E96F87-A2A4-4F56-9325-EB992E2A14C3}
		{E3CCBBD8-3667-4F2B-A405-7C58D45287BF} = {C1E96F87-A2A4-4F56-9325-EB992E2A14C3}
		{7D083E38-01F9-460E-B203-AC118557F7E4} = {79AF7DD1-A4D5-456A-99BD-BCA2E13853E8}
		{86D90494-A7BE-4E74-8910-D4B0075E4406} = {C1E96F87-A2A4-4F56-9325-EB992E2A14C3}
		{EE4E9D2D-9C11-41CB-9D0E-F3A8207CD36F} = {C1E96F87-A2A4-4F56-9325-EB992E2A14C3}
		{A916AECF-A388-45A7-B3CD-D1585FE4B9D7} = {C1E96F87-A2A4-4F56-9325-EB992E2A14C3}
		{4BB594DB-FAEA-4F62-95AC-BD402A707895} = {C1E96F87-A2A4-4F56-9325-EB992E2A14C3}
		{8BFB428F-7060-4F2F-B4FD-D8CCB90C3200} = {CDFE249E-2F8D-4136-BAB1-FD8C1328B100}
	EndGlobalSection
	GlobalSection(ExtensibilityGlobals) = postSolution
		SolutionGuid = {1B9199D9-A1BD-47BB-A38A-F9851FFD3AFF}
	EndGlobalSection
EndGlobal
