
Microsoft Visual Studio Solution File, Format Version 12.00
# Visual Studio Version 16
VisualStudioVersion = 16.0.31613.86
MinimumVisualStudioVersion = 10.0.40219.1
Project("{8BC9CEB8-8B4A-11D0-8D11-00A0C91BC942}") = "01.01 - HelloWorld", "HelloWorld\HelloWorld.vcxproj", "{D59D692C-0050-495A-90ED-24770F802980}"
EndProject
Project("{8BC9CEB8-8B4A-11D0-8D11-00A0C91BC942}") = "01.01 - JeuDeDes", "JeuDeDes\JeuDeDes.vcxproj", "{265A83D5-6FCD-42B9-8E9C-1BDB7E5ED05E}"
EndProject
Project("{8BC9CEB8-8B4A-11D0-8D11-00A0C91BC942}") = "01.02 - Enum Class", "01.02 - Enum Class\01.02 - Enum Class.vcxproj", "{C13FC3AA-7BCD-4501-B5C4-C45C80837382}"
EndProject
Project("{8BC9CEB8-8B4A-11D0-8D11-00A0C91BC942}") = "01.02 - Arrays 1", "01.02 - Array\01.02 - Array.vcxproj", "{F50E99F7-BCF7-444C-A334-0F7F6BAD6ADF}"
EndProject
Project("{8BC9CEB8-8B4A-11D0-8D11-00A0C91BC942}") = "01.02 - Arrays C++ Style", "01.02 - Array C++ Style\01.02 - Array C++ Style.vcxproj", "{23D5BC0F-0B55-4740-89E7-96DFB13543A7}"
EndProject
Project("{8BC9CEB8-8B4A-11D0-8D11-00A0C91BC942}") = "01.02 - Arrays 2", "01.02 - Arrays 2\01.02 - Arrays 2.vcxproj", "{5A0A4E33-3940-47FD-80B0-53F3643C9E06}"
EndProject
Project("{8BC9CEB8-8B4A-11D0-8D11-00A0C91BC942}") = "01.02 - Arrays multidimensionnal", "01.02 Arrays multidimensionnal\01.02 Arrays multidimensionnal.vcxproj", "{305E4441-A654-4F25-8763-0B0F076D7133}"
EndProject
Project("{8BC9CEB8-8B4A-11D0-8D11-00A0C91BC942}") = "01.02 - Strings", "01.02 - Strings\01.02 - Strings.vcxproj", "{8962EA1B-4E5C-42B6-84A7-ABABA3DF9832}"
EndProject
Project("{8BC9CEB8-8B4A-11D0-8D11-00A0C91BC942}") = "01.03 - NonDecimal arithmetic", "01.03 - NonDecimal arithmetic\01.03 - NonDecimal arithmetic.vcxproj", "{2BEECEE6-6DFA-4665-84C9-F41AB76045B1}"
EndProject
Project("{8BC9CEB8-8B4A-11D0-8D11-00A0C91BC942}") = "01.01 - return break continuer", "01.01 - return break continuer\01.01 - return break continuer.vcxproj", "{7F541BFA-A9DD-4098-BE85-25967D999BC7}"
EndProject
Project("{8BC9CEB8-8B4A-11D0-8D11-00A0C91BC942}") = "01.02 - Enum - Exercise", "Formative 01.02 - Enum animals\Formative 01.02 - Enum animals.vcxproj", "{9A8E0C96-7C6B-4162-B787-9B6FF3A00DB2}"
EndProject
Project("{8BC9CEB8-8B4A-11D0-8D11-00A0C91BC942}") = "01.02 - Exercise - Array - find the score", "01.02 - Exercise - Array - find the score\01.02 - Exercise - Array - find the score.vcxproj", "{0F4CA347-1FCB-4152-B077-0A72F7A7ABF1}"
EndProject
Project("{8BC9CEB8-8B4A-11D0-8D11-00A0C91BC942}") = "01.02 - Exercise - Array - find the value", "01.02 - Exercise - Array - find the value\01.02 - Exercise - Array - find the value.vcxproj", "{C93EEFA2-6A7D-44D1-81E3-5001BFC463B6}"
EndProject
Project("{8BC9CEB8-8B4A-11D0-8D11-00A0C91BC942}") = "01.02 - Formative - Poker", "01.02 - Formative - Poker\01.02 - Formative - Poker.vcxproj", "{BC99F43C-DEB2-4292-BC7B-4EA1EC4D978D}"
EndProject
Project("{8BC9CEB8-8B4A-11D0-8D11-00A0C91BC942}") = "01.02 - Formative - Strings", "01.02 - Formative - Strings\01.02 - Formative - Strings.vcxproj", "{90732857-3D1A-4620-AAAA-6947A4A07F1D}"
EndProject
Global
	GlobalSection(SolutionConfigurationPlatforms) = preSolution
		Debug|x64 = Debug|x64
		Debug|x86 = Debug|x86
		Release|x64 = Release|x64
		Release|x86 = Release|x86
	EndGlobalSection
	GlobalSection(ProjectConfigurationPlatforms) = postSolution
		{D59D692C-0050-495A-90ED-24770F802980}.Debug|x64.ActiveCfg = Debug|x64
		{D59D692C-0050-495A-90ED-24770F802980}.Debug|x64.Build.0 = Debug|x64
		{D59D692C-0050-495A-90ED-24770F802980}.Debug|x86.ActiveCfg = Debug|Win32
		{D59D692C-0050-495A-90ED-24770F802980}.Debug|x86.Build.0 = Debug|Win32
		{D59D692C-0050-495A-90ED-24770F802980}.Release|x64.ActiveCfg = Release|x64
		{D59D692C-0050-495A-90ED-24770F802980}.Release|x64.Build.0 = Release|x64
		{D59D692C-0050-495A-90ED-24770F802980}.Release|x86.ActiveCfg = Release|Win32
		{D59D692C-0050-495A-90ED-24770F802980}.Release|x86.Build.0 = Release|Win32
		{265A83D5-6FCD-42B9-8E9C-1BDB7E5ED05E}.Debug|x64.ActiveCfg = Debug|x64
		{265A83D5-6FCD-42B9-8E9C-1BDB7E5ED05E}.Debug|x64.Build.0 = Debug|x64
		{265A83D5-6FCD-42B9-8E9C-1BDB7E5ED05E}.Debug|x86.ActiveCfg = Debug|Win32
		{265A83D5-6FCD-42B9-8E9C-1BDB7E5ED05E}.Debug|x86.Build.0 = Debug|Win32
		{265A83D5-6FCD-42B9-8E9C-1BDB7E5ED05E}.Release|x64.ActiveCfg = Release|x64
		{265A83D5-6FCD-42B9-8E9C-1BDB7E5ED05E}.Release|x64.Build.0 = Release|x64
		{265A83D5-6FCD-42B9-8E9C-1BDB7E5ED05E}.Release|x86.ActiveCfg = Release|Win32
		{265A83D5-6FCD-42B9-8E9C-1BDB7E5ED05E}.Release|x86.Build.0 = Release|Win32
		{C13FC3AA-7BCD-4501-B5C4-C45C80837382}.Debug|x64.ActiveCfg = Debug|x64
		{C13FC3AA-7BCD-4501-B5C4-C45C80837382}.Debug|x64.Build.0 = Debug|x64
		{C13FC3AA-7BCD-4501-B5C4-C45C80837382}.Debug|x86.ActiveCfg = Debug|Win32
		{C13FC3AA-7BCD-4501-B5C4-C45C80837382}.Debug|x86.Build.0 = Debug|Win32
		{C13FC3AA-7BCD-4501-B5C4-C45C80837382}.Release|x64.ActiveCfg = Release|x64
		{C13FC3AA-7BCD-4501-B5C4-C45C80837382}.Release|x64.Build.0 = Release|x64
		{C13FC3AA-7BCD-4501-B5C4-C45C80837382}.Release|x86.ActiveCfg = Release|Win32
		{C13FC3AA-7BCD-4501-B5C4-C45C80837382}.Release|x86.Build.0 = Release|Win32
		{F50E99F7-BCF7-444C-A334-0F7F6BAD6ADF}.Debug|x64.ActiveCfg = Debug|x64
		{F50E99F7-BCF7-444C-A334-0F7F6BAD6ADF}.Debug|x64.Build.0 = Debug|x64
		{F50E99F7-BCF7-444C-A334-0F7F6BAD6ADF}.Debug|x86.ActiveCfg = Debug|Win32
		{F50E99F7-BCF7-444C-A334-0F7F6BAD6ADF}.Debug|x86.Build.0 = Debug|Win32
		{F50E99F7-BCF7-444C-A334-0F7F6BAD6ADF}.Release|x64.ActiveCfg = Release|x64
		{F50E99F7-BCF7-444C-A334-0F7F6BAD6ADF}.Release|x64.Build.0 = Release|x64
		{F50E99F7-BCF7-444C-A334-0F7F6BAD6ADF}.Release|x86.ActiveCfg = Release|Win32
		{F50E99F7-BCF7-444C-A334-0F7F6BAD6ADF}.Release|x86.Build.0 = Release|Win32
		{23D5BC0F-0B55-4740-89E7-96DFB13543A7}.Debug|x64.ActiveCfg = Debug|x64
		{23D5BC0F-0B55-4740-89E7-96DFB13543A7}.Debug|x64.Build.0 = Debug|x64
		{23D5BC0F-0B55-4740-89E7-96DFB13543A7}.Debug|x86.ActiveCfg = Debug|Win32
		{23D5BC0F-0B55-4740-89E7-96DFB13543A7}.Debug|x86.Build.0 = Debug|Win32
		{23D5BC0F-0B55-4740-89E7-96DFB13543A7}.Release|x64.ActiveCfg = Release|x64
		{23D5BC0F-0B55-4740-89E7-96DFB13543A7}.Release|x64.Build.0 = Release|x64
		{23D5BC0F-0B55-4740-89E7-96DFB13543A7}.Release|x86.ActiveCfg = Release|Win32
		{23D5BC0F-0B55-4740-89E7-96DFB13543A7}.Release|x86.Build.0 = Release|Win32
		{5A0A4E33-3940-47FD-80B0-53F3643C9E06}.Debug|x64.ActiveCfg = Debug|x64
		{5A0A4E33-3940-47FD-80B0-53F3643C9E06}.Debug|x64.Build.0 = Debug|x64
		{5A0A4E33-3940-47FD-80B0-53F3643C9E06}.Debug|x86.ActiveCfg = Debug|Win32
		{5A0A4E33-3940-47FD-80B0-53F3643C9E06}.Debug|x86.Build.0 = Debug|Win32
		{5A0A4E33-3940-47FD-80B0-53F3643C9E06}.Release|x64.ActiveCfg = Release|x64
		{5A0A4E33-3940-47FD-80B0-53F3643C9E06}.Release|x64.Build.0 = Release|x64
		{5A0A4E33-3940-47FD-80B0-53F3643C9E06}.Release|x86.ActiveCfg = Release|Win32
		{5A0A4E33-3940-47FD-80B0-53F3643C9E06}.Release|x86.Build.0 = Release|Win32
		{305E4441-A654-4F25-8763-0B0F076D7133}.Debug|x64.ActiveCfg = Debug|x64
		{305E4441-A654-4F25-8763-0B0F076D7133}.Debug|x64.Build.0 = Debug|x64
		{305E4441-A654-4F25-8763-0B0F076D7133}.Debug|x86.ActiveCfg = Debug|Win32
		{305E4441-A654-4F25-8763-0B0F076D7133}.Debug|x86.Build.0 = Debug|Win32
		{305E4441-A654-4F25-8763-0B0F076D7133}.Release|x64.ActiveCfg = Release|x64
		{305E4441-A654-4F25-8763-0B0F076D7133}.Release|x64.Build.0 = Release|x64
		{305E4441-A654-4F25-8763-0B0F076D7133}.Release|x86.ActiveCfg = Release|Win32
		{305E4441-A654-4F25-8763-0B0F076D7133}.Release|x86.Build.0 = Release|Win32
		{8962EA1B-4E5C-42B6-84A7-ABABA3DF9832}.Debug|x64.ActiveCfg = Debug|x64
		{8962EA1B-4E5C-42B6-84A7-ABABA3DF9832}.Debug|x64.Build.0 = Debug|x64
		{8962EA1B-4E5C-42B6-84A7-ABABA3DF9832}.Debug|x86.ActiveCfg = Debug|Win32
		{8962EA1B-4E5C-42B6-84A7-ABABA3DF9832}.Debug|x86.Build.0 = Debug|Win32
		{8962EA1B-4E5C-42B6-84A7-ABABA3DF9832}.Release|x64.ActiveCfg = Release|x64
		{8962EA1B-4E5C-42B6-84A7-ABABA3DF9832}.Release|x64.Build.0 = Release|x64
		{8962EA1B-4E5C-42B6-84A7-ABABA3DF9832}.Release|x86.ActiveCfg = Release|Win32
		{8962EA1B-4E5C-42B6-84A7-ABABA3DF9832}.Release|x86.Build.0 = Release|Win32
		{2BEECEE6-6DFA-4665-84C9-F41AB76045B1}.Debug|x64.ActiveCfg = Debug|x64
		{2BEECEE6-6DFA-4665-84C9-F41AB76045B1}.Debug|x64.Build.0 = Debug|x64
		{2BEECEE6-6DFA-4665-84C9-F41AB76045B1}.Debug|x86.ActiveCfg = Debug|Win32
		{2BEECEE6-6DFA-4665-84C9-F41AB76045B1}.Debug|x86.Build.0 = Debug|Win32
		{2BEECEE6-6DFA-4665-84C9-F41AB76045B1}.Release|x64.ActiveCfg = Release|x64
		{2BEECEE6-6DFA-4665-84C9-F41AB76045B1}.Release|x64.Build.0 = Release|x64
		{2BEECEE6-6DFA-4665-84C9-F41AB76045B1}.Release|x86.ActiveCfg = Release|Win32
		{2BEECEE6-6DFA-4665-84C9-F41AB76045B1}.Release|x86.Build.0 = Release|Win32
		{7F541BFA-A9DD-4098-BE85-25967D999BC7}.Debug|x64.ActiveCfg = Debug|x64
		{7F541BFA-A9DD-4098-BE85-25967D999BC7}.Debug|x64.Build.0 = Debug|x64
		{7F541BFA-A9DD-4098-BE85-25967D999BC7}.Debug|x86.ActiveCfg = Debug|Win32
		{7F541BFA-A9DD-4098-BE85-25967D999BC7}.Debug|x86.Build.0 = Debug|Win32
		{7F541BFA-A9DD-4098-BE85-25967D999BC7}.Release|x64.ActiveCfg = Release|x64
		{7F541BFA-A9DD-4098-BE85-25967D999BC7}.Release|x64.Build.0 = Release|x64
		{7F541BFA-A9DD-4098-BE85-25967D999BC7}.Release|x86.ActiveCfg = Release|Win32
		{7F541BFA-A9DD-4098-BE85-25967D999BC7}.Release|x86.Build.0 = Release|Win32
		{9A8E0C96-7C6B-4162-B787-9B6FF3A00DB2}.Debug|x64.ActiveCfg = Debug|x64
		{9A8E0C96-7C6B-4162-B787-9B6FF3A00DB2}.Debug|x64.Build.0 = Debug|x64
		{9A8E0C96-7C6B-4162-B787-9B6FF3A00DB2}.Debug|x86.ActiveCfg = Debug|Win32
		{9A8E0C96-7C6B-4162-B787-9B6FF3A00DB2}.Debug|x86.Build.0 = Debug|Win32
		{9A8E0C96-7C6B-4162-B787-9B6FF3A00DB2}.Release|x64.ActiveCfg = Release|x64
		{9A8E0C96-7C6B-4162-B787-9B6FF3A00DB2}.Release|x64.Build.0 = Release|x64
		{9A8E0C96-7C6B-4162-B787-9B6FF3A00DB2}.Release|x86.ActiveCfg = Release|Win32
		{9A8E0C96-7C6B-4162-B787-9B6FF3A00DB2}.Release|x86.Build.0 = Release|Win32
		{0F4CA347-1FCB-4152-B077-0A72F7A7ABF1}.Debug|x64.ActiveCfg = Debug|x64
		{0F4CA347-1FCB-4152-B077-0A72F7A7ABF1}.Debug|x64.Build.0 = Debug|x64
		{0F4CA347-1FCB-4152-B077-0A72F7A7ABF1}.Debug|x86.ActiveCfg = Debug|Win32
		{0F4CA347-1FCB-4152-B077-0A72F7A7ABF1}.Debug|x86.Build.0 = Debug|Win32
		{0F4CA347-1FCB-4152-B077-0A72F7A7ABF1}.Release|x64.ActiveCfg = Release|x64
		{0F4CA347-1FCB-4152-B077-0A72F7A7ABF1}.Release|x64.Build.0 = Release|x64
		{0F4CA347-1FCB-4152-B077-0A72F7A7ABF1}.Release|x86.ActiveCfg = Release|Win32
		{0F4CA347-1FCB-4152-B077-0A72F7A7ABF1}.Release|x86.Build.0 = Release|Win32
		{C93EEFA2-6A7D-44D1-81E3-5001BFC463B6}.Debug|x64.ActiveCfg = Debug|x64
		{C93EEFA2-6A7D-44D1-81E3-5001BFC463B6}.Debug|x64.Build.0 = Debug|x64
		{C93EEFA2-6A7D-44D1-81E3-5001BFC463B6}.Debug|x86.ActiveCfg = Debug|Win32
		{C93EEFA2-6A7D-44D1-81E3-5001BFC463B6}.Debug|x86.Build.0 = Debug|Win32
		{C93EEFA2-6A7D-44D1-81E3-5001BFC463B6}.Release|x64.ActiveCfg = Release|x64
		{C93EEFA2-6A7D-44D1-81E3-5001BFC463B6}.Release|x64.Build.0 = Release|x64
		{C93EEFA2-6A7D-44D1-81E3-5001BFC463B6}.Release|x86.ActiveCfg = Release|Win32
		{C93EEFA2-6A7D-44D1-81E3-5001BFC463B6}.Release|x86.Build.0 = Release|Win32
		{BC99F43C-DEB2-4292-BC7B-4EA1EC4D978D}.Debug|x64.ActiveCfg = Debug|x64
		{BC99F43C-DEB2-4292-BC7B-4EA1EC4D978D}.Debug|x64.Build.0 = Debug|x64
		{BC99F43C-DEB2-4292-BC7B-4EA1EC4D978D}.Debug|x86.ActiveCfg = Debug|Win32
		{BC99F43C-DEB2-4292-BC7B-4EA1EC4D978D}.Debug|x86.Build.0 = Debug|Win32
		{BC99F43C-DEB2-4292-BC7B-4EA1EC4D978D}.Release|x64.ActiveCfg = Release|x64
		{BC99F43C-DEB2-4292-BC7B-4EA1EC4D978D}.Release|x64.Build.0 = Release|x64
		{BC99F43C-DEB2-4292-BC7B-4EA1EC4D978D}.Release|x86.ActiveCfg = Release|Win32
		{BC99F43C-DEB2-4292-BC7B-4EA1EC4D978D}.Release|x86.Build.0 = Release|Win32
		{90732857-3D1A-4620-AAAA-6947A4A07F1D}.Debug|x64.ActiveCfg = Debug|x64
		{90732857-3D1A-4620-AAAA-6947A4A07F1D}.Debug|x64.Build.0 = Debug|x64
		{90732857-3D1A-4620-AAAA-6947A4A07F1D}.Debug|x86.ActiveCfg = Debug|Win32
		{90732857-3D1A-4620-AAAA-6947A4A07F1D}.Debug|x86.Build.0 = Debug|Win32
		{90732857-3D1A-4620-AAAA-6947A4A07F1D}.Release|x64.ActiveCfg = Release|x64
		{90732857-3D1A-4620-AAAA-6947A4A07F1D}.Release|x64.Build.0 = Release|x64
		{90732857-3D1A-4620-AAAA-6947A4A07F1D}.Release|x86.ActiveCfg = Release|Win32
		{90732857-3D1A-4620-AAAA-6947A4A07F1D}.Release|x86.Build.0 = Release|Win32
	EndGlobalSection
	GlobalSection(SolutionProperties) = preSolution
		HideSolutionNode = FALSE
	EndGlobalSection
	GlobalSection(ExtensibilityGlobals) = postSolution
		SolutionGuid = {1B9199D9-A1BD-47BB-A38A-F9851FFD3AFF}
	EndGlobalSection
EndGlobal
